
Microsoft Visual Studio Solution File, Format Version 12.00
# Visual Studio Version 17
VisualStudioVersion = 17.14.36310.24 d17.14
MinimumVisualStudioVersion = 10.0.40219.1
Project("{FAE04EC0-301F-11D3-BF4B-00C04F79EFBC}") = "NotificationsMicroservice", "NotificationsMicroservice\NotificationsMicroservice.csproj", "{43BE27EF-A6A1-4A52-A293-8679B5A67F4E}"
EndProject
Global
	GlobalSection(SolutionConfigurationPlatforms) = preSolution
		Debug|Any CPU = Debug|Any CPU
		Release|Any CPU = Release|Any CPU
	EndGlobalSection
	GlobalSection(ProjectConfigurationPlatforms) = postSolution
		{43BE27EF-A6A1-4A52-A293-8679B5A67F4E}.Debug|Any CPU.ActiveCfg = Debug|Any CPU
		{43BE27EF-A6A1-4A52-A293-8679B5A67F4E}.Debug|Any CPU.Build.0 = Debug|Any CPU
		{43BE27EF-A6A1-4A52-A293-8679B5A67F4E}.Release|Any CPU.ActiveCfg = Release|Any CPU
		{43BE27EF-A6A1-4A52-A293-8679B5A67F4E}.Release|Any CPU.Build.0 = Release|Any CPU
	EndGlobalSection
	GlobalSection(SolutionProperties) = preSolution
		HideSolutionNode = FALSE
	EndGlobalSection
	GlobalSection(ExtensibilityGlobals) = postSolution
		SolutionGuid = {F3BA9CEF-8756-409B-AC39-43A89D264A0E}
	EndGlobalSection
EndGlobal
